
Microsoft Visual Studio Solution File, Format Version 12.00
# Visual Studio Version 16
VisualStudioVersion = 16.0.32510.428
MinimumVisualStudioVersion = 10.0.40219.1
Project("{FAE04EC0-301F-11D3-BF4B-00C04F79EFBC}") = "WebApplication1", "WebApplication1\WebApplication1.csproj", "{E322EC10-5E54-40C9-A7FE-D3A1ED55DC60}"
EndProject
Global
	GlobalSection(SolutionConfigurationPlatforms) = preSolution
		Debug|Any CPU = Debug|Any CPU
		Release|Any CPU = Release|Any CPU
	EndGlobalSection
	GlobalSection(ProjectConfigurationPlatforms) = postSolution
		{E322EC10-5E54-40C9-A7FE-D3A1ED55DC60}.Debug|Any CPU.ActiveCfg = Debug|Any CPU
		{E322EC10-5E54-40C9-A7FE-D3A1ED55DC60}.Debug|Any CPU.Build.0 = Debug|Any CPU
		{E322EC10-5E54-40C9-A7FE-D3A1ED55DC60}.Release|Any CPU.ActiveCfg = Release|Any CPU
		{E322EC10-5E54-40C9-A7FE-D3A1ED55DC60}.Release|Any CPU.Build.0 = Release|Any CPU
	EndGlobalSection
	GlobalSection(SolutionProperties) = preSolution
		HideSolutionNode = FALSE
	EndGlobalSection
	GlobalSection(ExtensibilityGlobals) = postSolution
		SolutionGuid = {392AC5AA-BB7D-4172-8690-E16ECC22205B}
	EndGlobalSection
EndGlobal
